
Microsoft Visual Studio Solution File, Format Version 12.00
# Visual Studio Version 17
VisualStudioVersion = 17.4.33213.308
MinimumVisualStudioVersion = 10.0.40219.1
Project("{9A19103F-16F7-4668-BE54-9A1E7A4F7556}") = "BulkyBookWeb", "BulkyBookWeb\BulkyBookWeb.csproj", "{5DBDE103-742B-4740-834D-AE3376FA964B}"
EndProject
Project("{9A19103F-16F7-4668-BE54-9A1E7A4F7556}") = "BulkyBook.DataAccess", "BulkyBook.DataAccess\BulkyBook.DataAccess.csproj", "{2DE6A758-AFC2-4388-B9A6-F2E956782EB8}"
EndProject
Project("{9A19103F-16F7-4668-BE54-9A1E7A4F7556}") = "BulkyBook.Models", "BulkyBook.Models\BulkyBook.Models.csproj", "{E0835903-812F-455D-98F4-BB142319C61A}"
EndProject
Project("{9A19103F-16F7-4668-BE54-9A1E7A4F7556}") = "BulkyBook.Utility", "BulkyBook.Utility\BulkyBook.Utility.csproj", "{7EC40188-30D9-4229-B947-AD68BDF7CA86}"
EndProject
Project("{2150E333-8FDC-42A3-9474-1A3956D46DE8}") = "Solution Items", "Solution Items", "{8BB92744-2545-43F2-AEAC-84361DD330C3}"
	ProjectSection(SolutionItems) = preProject
		.editorconfig = .editorconfig
	EndProjectSection
EndProject
Global
	GlobalSection(SolutionConfigurationPlatforms) = preSolution
		Debug|Any CPU = Debug|Any CPU
		Release|Any CPU = Release|Any CPU
	EndGlobalSection
	GlobalSection(ProjectConfigurationPlatforms) = postSolution
		{5DBDE103-742B-4740-834D-AE3376FA964B}.Debug|Any CPU.ActiveCfg = Debug|Any CPU
		{5DBDE103-742B-4740-834D-AE3376FA964B}.Debug|Any CPU.Build.0 = Debug|Any CPU
		{5DBDE103-742B-4740-834D-AE3376FA964B}.Release|Any CPU.ActiveCfg = Release|Any CPU
		{5DBDE103-742B-4740-834D-AE3376FA964B}.Release|Any CPU.Build.0 = Release|Any CPU
		{2DE6A758-AFC2-4388-B9A6-F2E956782EB8}.Debug|Any CPU.ActiveCfg = Debug|Any CPU
		{2DE6A758-AFC2-4388-B9A6-F2E956782EB8}.Debug|Any CPU.Build.0 = Debug|Any CPU
		{2DE6A758-AFC2-4388-B9A6-F2E956782EB8}.Release|Any CPU.ActiveCfg = Release|Any CPU
		{2DE6A758-AFC2-4388-B9A6-F2E956782EB8}.Release|Any CPU.Build.0 = Release|Any CPU
		{E0835903-812F-455D-98F4-BB142319C61A}.Debug|Any CPU.ActiveCfg = Debug|Any CPU
		{E0835903-812F-455D-98F4-BB142319C61A}.Debug|Any CPU.Build.0 = Debug|Any CPU
		{E0835903-812F-455D-98F4-BB142319C61A}.Release|Any CPU.ActiveCfg = Release|Any CPU
		{E0835903-812F-455D-98F4-BB142319C61A}.Release|Any CPU.Build.0 = Release|Any CPU
		{7EC40188-30D9-4229-B947-AD68BDF7CA86}.Debug|Any CPU.ActiveCfg = Debug|Any CPU
		{7EC40188-30D9-4229-B947-AD68BDF7CA86}.Debug|Any CPU.Build.0 = Debug|Any CPU
		{7EC40188-30D9-4229-B947-AD68BDF7CA86}.Release|Any CPU.ActiveCfg = Release|Any CPU
		{7EC40188-30D9-4229-B947-AD68BDF7CA86}.Release|Any CPU.Build.0 = Release|Any CPU
	EndGlobalSection
	GlobalSection(SolutionProperties) = preSolution
		HideSolutionNode = FALSE
	EndGlobalSection
	GlobalSection(ExtensibilityGlobals) = postSolution
		SolutionGuid = {A45A0561-3A69-4008-8AF7-FA2972F0E65D}
	EndGlobalSection
EndGlobal
